
Microsoft Visual Studio Solution File, Format Version 12.00
# Visual Studio Version 17
VisualStudioVersion = 17.8.34205.153
MinimumVisualStudioVersion = 10.0.40219.1
Project("{9A19103F-16F7-4668-BE54-9A1E7A4F7556}") = "IKVMvNextRepro", "src\IKVMvNextRepro.csproj", "{27559E13-A486-45CF-B527-3876F65CD619}"
EndProject
Project("{9A19103F-16F7-4668-BE54-9A1E7A4F7556}") = "IKVMvNextRepro.Tests1", "tests\Tests1\IKVMvNextRepro.Tests1.csproj", "{2C0025FA-3B7A-4593-9D0B-9DCB4CD41DA8}"
EndProject
Project("{9A19103F-16F7-4668-BE54-9A1E7A4F7556}") = "IKVMvNextRepro.Tests2", "tests\Tests2\IKVMvNextRepro.Tests2.csproj", "{D9CE1CAF-654A-48BB-857F-3F005762661C}"
EndProject
Global
	GlobalSection(SolutionConfigurationPlatforms) = preSolution
		Debug|Any CPU = Debug|Any CPU
		Release|Any CPU = Release|Any CPU
	EndGlobalSection
	GlobalSection(ProjectConfigurationPlatforms) = postSolution
		{27559E13-A486-45CF-B527-3876F65CD619}.Debug|Any CPU.ActiveCfg = Debug|Any CPU
		{27559E13-A486-45CF-B527-3876F65CD619}.Debug|Any CPU.Build.0 = Debug|Any CPU
		{27559E13-A486-45CF-B527-3876F65CD619}.Release|Any CPU.ActiveCfg = Release|Any CPU
		{27559E13-A486-45CF-B527-3876F65CD619}.Release|Any CPU.Build.0 = Release|Any CPU
		{2C0025FA-3B7A-4593-9D0B-9DCB4CD41DA8}.Debug|Any CPU.ActiveCfg = Debug|Any CPU
		{2C0025FA-3B7A-4593-9D0B-9DCB4CD41DA8}.Debug|Any CPU.Build.0 = Debug|Any CPU
		{2C0025FA-3B7A-4593-9D0B-9DCB4CD41DA8}.Release|Any CPU.ActiveCfg = Release|Any CPU
		{2C0025FA-3B7A-4593-9D0B-9DCB4CD41DA8}.Release|Any CPU.Build.0 = Release|Any CPU
		{D9CE1CAF-654A-48BB-857F-3F005762661C}.Debug|Any CPU.ActiveCfg = Debug|Any CPU
		{D9CE1CAF-654A-48BB-857F-3F005762661C}.Debug|Any CPU.Build.0 = Debug|Any CPU
		{D9CE1CAF-654A-48BB-857F-3F005762661C}.Release|Any CPU.ActiveCfg = Release|Any CPU
		{D9CE1CAF-654A-48BB-857F-3F005762661C}.Release|Any CPU.Build.0 = Release|Any CPU
	EndGlobalSection
	GlobalSection(SolutionProperties) = preSolution
		HideSolutionNode = FALSE
	EndGlobalSection
	GlobalSection(ExtensibilityGlobals) = postSolution
		SolutionGuid = {B30679CF-D42D-406E-AFE6-E2987F7BE101}
	EndGlobalSection
EndGlobal
